// !$*UTF8*$!
{
	archiveVersion = 1;
	classes = {
	};
	objectVersion = 50;
	objects = {

/* Begin PBXBuildFile section */
		6F9978E127AB1DE0008D5E00 /* crudApp.swift in Sources */ = {isa = PBXBuildFile; fileRef = 6F9978E027AB1DE0008D5E00 /* crudApp.swift */; };
		6F9978E327AB1DE0008D5E00 /* ContentView.swift in Sources */ = {isa = PBXBuildFile; fileRef = 6F9978E227AB1DE0008D5E00 /* ContentView.swift */; };
		6F9978E527AB1DE5008D5E00 /* Assets.xcassets in Resources */ = {isa = PBXBuildFile; fileRef = 6F9978E427AB1DE5008D5E00 /* Assets.xcassets */; };
		6F9978E827AB1DE5008D5E00 /* Preview Assets.xcassets in Resources */ = {isa = PBXBuildFile; fileRef = 6F9978E727AB1DE5008D5E00 /* Preview Assets.xcassets */; };
		6F9978EA27AB1DE5008D5E00 /* Persistence.swift in Sources */ = {isa = PBXBuildFile; fileRef = 6F9978E927AB1DE5008D5E00 /* Persistence.swift */; };
		6F9978ED27AB1DE5008D5E00 /* crud.xcdatamodeld in Sources */ = {isa = PBXBuildFile; fileRef = 6F9978EB27AB1DE5008D5E00 /* crud.xcdatamodeld */; };
		6F9978F827AB1DE6008D5E00 /* crudTests.swift in Sources */ = {isa = PBXBuildFile; fileRef = 6F9978F727AB1DE6008D5E00 /* crudTests.swift */; };
		6F99790327AB1DE6008D5E00 /* crudUITests.swift in Sources */ = {isa = PBXBuildFile; fileRef = 6F99790227AB1DE6008D5E00 /* crudUITests.swift */; };
		6F99791327AB20C6008D5E00 /* Home.swift in Sources */ = {isa = PBXBuildFile; fileRef = 6F99791227AB20C6008D5E00 /* Home.swift */; };
		6F99791527AB214A008D5E00 /* HomeViewModel.swift in Sources */ = {isa = PBXBuildFile; fileRef = 6F99791427AB214A008D5E00 /* HomeViewModel.swift */; };
		6F99791727AB2589008D5E00 /* NewDataView.swift in Sources */ = {isa = PBXBuildFile; fileRef = 6F99791627AB2589008D5E00 /* NewDataView.swift */; };
/* End PBXBuildFile section */

/* Begin PBXContainerItemProxy section */
		6F9978F427AB1DE6008D5E00 /* PBXContainerItemProxy */ = {
			isa = PBXContainerItemProxy;
			containerPortal = 6F9978D527AB1DE0008D5E00 /* Project object */;
			proxyType = 1;
			remoteGlobalIDString = 6F9978DC27AB1DE0008D5E00;
			remoteInfo = crud;
		};
		6F9978FF27AB1DE6008D5E00 /* PBXContainerItemProxy */ = {
			isa = PBXContainerItemProxy;
			containerPortal = 6F9978D527AB1DE0008D5E00 /* Project object */;
			proxyType = 1;
			remoteGlobalIDString = 6F9978DC27AB1DE0008D5E00;
			remoteInfo = crud;
		};
/* End PBXContainerItemProxy section */

/* Begin PBXFileReference section */
		6F9978DD27AB1DE0008D5E00 /* crud.app */ = {isa = PBXFileReference; explicitFileType = wrapper.application; includeInIndex = 0; path = crud.app; sourceTree = BUILT_PRODUCTS_DIR; };
		6F9978E027AB1DE0008D5E00 /* crudApp.swift */ = {isa = PBXFileReference; lastKnownFileType = sourcecode.swift; path = crudApp.swift; sourceTree = "<group>"; };
		6F9978E227AB1DE0008D5E00 /* ContentView.swift */ = {isa = PBXFileReference; lastKnownFileType = sourcecode.swift; path = ContentView.swift; sourceTree = "<group>"; };
		6F9978E427AB1DE5008D5E00 /* Assets.xcassets */ = {isa = PBXFileReference; lastKnownFileType = folder.assetcatalog; path = Assets.xcassets; sourceTree = "<group>"; };
		6F9978E727AB1DE5008D5E00 /* Preview Assets.xcassets */ = {isa = PBXFileReference; lastKnownFileType = folder.assetcatalog; path = "Preview Assets.xcassets"; sourceTree = "<group>"; };
		6F9978E927AB1DE5008D5E00 /* Persistence.swift */ = {isa = PBXFileReference; lastKnownFileType = sourcecode.swift; path = Persistence.swift; sourceTree = "<group>"; };
		6F9978EC27AB1DE5008D5E00 /* crud.xcdatamodel */ = {isa = PBXFileReference; lastKnownFileType = wrapper.xcdatamodel; path = crud.xcdatamodel; sourceTree = "<group>"; };
		6F9978EE27AB1DE5008D5E00 /* Info.plist */ = {isa = PBXFileReference; lastKnownFileType = text.plist.xml; path = Info.plist; sourceTree = "<group>"; };
		6F9978F327AB1DE6008D5E00 /* crudTests.xctest */ = {isa = PBXFileReference; explicitFileType = wrapper.cfbundle; includeInIndex = 0; path = crudTests.xctest; sourceTree = BUILT_PRODUCTS_DIR; };
		6F9978F727AB1DE6008D5E00 /* crudTests.swift */ = {isa = PBXFileReference; lastKnownFileType = sourcecode.swift; path = crudTests.swift; sourceTree = "<group>"; };
		6F9978F927AB1DE6008D5E00 /* Info.plist */ = {isa = PBXFileReference; lastKnownFileType = text.plist.xml; path = Info.plist; sourceTree = "<group>"; };
		6F9978FE27AB1DE6008D5E00 /* crudUITests.xctest */ = {isa = PBXFileReference; explicitFileType = wrapper.cfbundle; includeInIndex = 0; path = crudUITests.xctest; sourceTree = BUILT_PRODUCTS_DIR; };
		6F99790227AB1DE6008D5E00 /* crudUITests.swift */ = {isa = PBXFileReference; lastKnownFileType = sourcecode.swift; path = crudUITests.swift; sourceTree = "<group>"; };
		6F99790427AB1DE6008D5E00 /* Info.plist */ = {isa = PBXFileReference; lastKnownFileType = text.plist.xml; path = Info.plist; sourceTree = "<group>"; };
		6F99791227AB20C6008D5E00 /* Home.swift */ = {isa = PBXFileReference; lastKnownFileType = sourcecode.swift; path = Home.swift; sourceTree = "<group>"; };
		6F99791427AB214A008D5E00 /* HomeViewModel.swift */ = {isa = PBXFileReference; lastKnownFileType = sourcecode.swift; path = HomeViewModel.swift; sourceTree = "<group>"; };
		6F99791627AB2589008D5E00 /* NewDataView.swift */ = {isa = PBXFileReference; lastKnownFileType = sourcecode.swift; path = NewDataView.swift; sourceTree = "<group>"; };
/* End PBXFileReference section */

/* Begin PBXFrameworksBuildPhase section */
		6F9978DA27AB1DE0008D5E00 /* Frameworks */ = {
			isa = PBXFrameworksBuildPhase;
			buildActionMask = 2147483647;
			files = (
			);
			runOnlyForDeploymentPostprocessing = 0;
		};
		6F9978F027AB1DE6008D5E00 /* Frameworks */ = {
			isa = PBXFrameworksBuildPhase;
			buildActionMask = 2147483647;
			files = (
			);
			runOnlyForDeploymentPostprocessing = 0;
		};
		6F9978FB27AB1DE6008D5E00 /* Frameworks */ = {
			isa = PBXFrameworksBuildPhase;
			buildActionMask = 2147483647;
			files = (
			);
			runOnlyForDeploymentPostprocessing = 0;
		};
/* End PBXFrameworksBuildPhase section */

/* Begin PBXGroup section */
		6F9978D427AB1DE0008D5E00 = {
			isa = PBXGroup;
			children = (
				6F9978DF27AB1DE0008D5E00 /* crud */,
				6F9978F627AB1DE6008D5E00 /* crudTests */,
				6F99790127AB1DE6008D5E00 /* crudUITests */,
				6F9978DE27AB1DE0008D5E00 /* Products */,
			);
			sourceTree = "<group>";
		};
		6F9978DE27AB1DE0008D5E00 /* Products */ = {
			isa = PBXGroup;
			children = (
				6F9978DD27AB1DE0008D5E00 /* crud.app */,
				6F9978F327AB1DE6008D5E00 /* crudTests.xctest */,
				6F9978FE27AB1DE6008D5E00 /* crudUITests.xctest */,
			);
			name = Products;
			sourceTree = "<group>";
		};
		6F9978DF27AB1DE0008D5E00 /* crud */ = {
			isa = PBXGroup;
			children = (
				6FB441E427ACAECE00DD39B9 /* Home */,
				6FB441E527ACAEDA00DD39B9 /* New Data */,
				6F99791127AB20A6008D5E00 /* ViewModel */,
				6F9978E027AB1DE0008D5E00 /* crudApp.swift */,
				6F9978E227AB1DE0008D5E00 /* ContentView.swift */,
				6F9978E427AB1DE5008D5E00 /* Assets.xcassets */,
				6F9978E927AB1DE5008D5E00 /* Persistence.swift */,
				6F9978EE27AB1DE5008D5E00 /* Info.plist */,
				6F9978EB27AB1DE5008D5E00 /* crud.xcdatamodeld */,
				6F9978E627AB1DE5008D5E00 /* Preview Content */,
			);
			path = crud;
			sourceTree = "<group>";
		};
		6F9978E627AB1DE5008D5E00 /* Preview Content */ = {
			isa = PBXGroup;
			children = (
				6F9978E727AB1DE5008D5E00 /* Preview Assets.xcassets */,
			);
			path = "Preview Content";
			sourceTree = "<group>";
		};
		6F9978F627AB1DE6008D5E00 /* crudTests */ = {
			isa = PBXGroup;
			children = (
				6F9978F727AB1DE6008D5E00 /* crudTests.swift */,
				6F9978F927AB1DE6008D5E00 /* Info.plist */,
			);
			path = crudTests;
			sourceTree = "<group>";
		};
		6F99790127AB1DE6008D5E00 /* crudUITests */ = {
			isa = PBXGroup;
			children = (
				6F99790227AB1DE6008D5E00 /* crudUITests.swift */,
				6F99790427AB1DE6008D5E00 /* Info.plist */,
			);
			path = crudUITests;
			sourceTree = "<group>";
		};
		6F99791127AB20A6008D5E00 /* ViewModel */ = {
			isa = PBXGroup;
			children = (
				6F99791427AB214A008D5E00 /* HomeViewModel.swift */,
			);
			path = ViewModel;
			sourceTree = "<group>";
		};
		6FB441E427ACAECE00DD39B9 /* Home */ = {
			isa = PBXGroup;
			children = (
				6F99791227AB20C6008D5E00 /* Home.swift */,
			);
			path = Home;
			sourceTree = "<group>";
		};
		6FB441E527ACAEDA00DD39B9 /* New Data */ = {
			isa = PBXGroup;
			children = (
				6F99791627AB2589008D5E00 /* NewDataView.swift */,
			);
			path = "New Data";
			sourceTree = "<group>";
		};
/* End PBXGroup section */

/* Begin PBXNativeTarget section */
		6F9978DC27AB1DE0008D5E00 /* crud */ = {
			isa = PBXNativeTarget;
			buildConfigurationList = 6F99790727AB1DE6008D5E00 /* Build configuration list for PBXNativeTarget "crud" */;
			buildPhases = (
				6F9978D927AB1DE0008D5E00 /* Sources */,
				6F9978DA27AB1DE0008D5E00 /* Frameworks */,
				6F9978DB27AB1DE0008D5E00 /* Resources */,
			);
			buildRules = (
			);
			dependencies = (
			);
			name = crud;
			productName = crud;
			productReference = 6F9978DD27AB1DE0008D5E00 /* crud.app */;
			productType = "com.apple.product-type.application";
		};
		6F9978F227AB1DE6008D5E00 /* crudTests */ = {
			isa = PBXNativeTarget;
			buildConfigurationList = 6F99790A27AB1DE6008D5E00 /* Build configuration list for PBXNativeTarget "crudTests" */;
			buildPhases = (
				6F9978EF27AB1DE6008D5E00 /* Sources */,
				6F9978F027AB1DE6008D5E00 /* Frameworks */,
				6F9978F127AB1DE6008D5E00 /* Resources */,
			);
			buildRules = (
			);
			dependencies = (
				6F9978F527AB1DE6008D5E00 /* PBXTargetDependency */,
			);
			name = crudTests;
			productName = crudTests;
			productReference = 6F9978F327AB1DE6008D5E00 /* crudTests.xctest */;
			productType = "com.apple.product-type.bundle.unit-test";
		};
		6F9978FD27AB1DE6008D5E00 /* crudUITests */ = {
			isa = PBXNativeTarget;
			buildConfigurationList = 6F99790D27AB1DE6008D5E00 /* Build configuration list for PBXNativeTarget "crudUITests" */;
			buildPhases = (
				6F9978FA27AB1DE6008D5E00 /* Sources */,
				6F9978FB27AB1DE6008D5E00 /* Frameworks */,
				6F9978FC27AB1DE6008D5E00 /* Resources */,
			);
			buildRules = (
			);
			dependencies = (
				6F99790027AB1DE6008D5E00 /* PBXTargetDependency */,
			);
			name = crudUITests;
			productName = crudUITests;
			productReference = 6F9978FE27AB1DE6008D5E00 /* crudUITests.xctest */;
			productType = "com.apple.product-type.bundle.ui-testing";
		};
/* End PBXNativeTarget section */

/* Begin PBXProject section */
		6F9978D527AB1DE0008D5E00 /* Project object */ = {
			isa = PBXProject;
			attributes = {
				LastSwiftUpdateCheck = 1250;
				LastUpgradeCheck = 1250;
				TargetAttributes = {
					6F9978DC27AB1DE0008D5E00 = {
						CreatedOnToolsVersion = 12.5.1;
					};
					6F9978F227AB1DE6008D5E00 = {
						CreatedOnToolsVersion = 12.5.1;
						TestTargetID = 6F9978DC27AB1DE0008D5E00;
					};
					6F9978FD27AB1DE6008D5E00 = {
						CreatedOnToolsVersion = 12.5.1;
						TestTargetID = 6F9978DC27AB1DE0008D5E00;
					};
				};
			};
			buildConfigurationList = 6F9978D827AB1DE0008D5E00 /* Build configuration list for PBXProject "crud" */;
			compatibilityVersion = "Xcode 9.3";
			developmentRegion = en;
			hasScannedForEncodings = 0;
			knownRegions = (
				en,
				Base,
			);
			mainGroup = 6F9978D427AB1DE0008D5E00;
			productRefGroup = 6F9978DE27AB1DE0008D5E00 /* Products */;
			projectDirPath = "";
			projectRoot = "";
			targets = (
				6F9978DC27AB1DE0008D5E00 /* crud */,
				6F9978F227AB1DE6008D5E00 /* crudTests */,
				6F9978FD27AB1DE6008D5E00 /* crudUITests */,
			);
		};
/* End PBXProject section */

/* Begin PBXResourcesBuildPhase section */
		6F9978DB27AB1DE0008D5E00 /* Resources */ = {
			isa = PBXResourcesBuildPhase;
			buildActionMask = 2147483647;
			files = (
				6F9978E827AB1DE5008D5E00 /* Preview Assets.xcassets in Resources */,
				6F9978E527AB1DE5008D5E00 /* Assets.xcassets in Resources */,
			);
			runOnlyForDeploymentPostprocessing = 0;
		};
		6F9978F127AB1DE6008D5E00 /* Resources */ = {
			isa = PBXResourcesBuildPhase;
			buildActionMask = 2147483647;
			files = (
			);
			runOnlyForDeploymentPostprocessing = 0;
		};
		6F9978FC27AB1DE6008D5E00 /* Resources */ = {
			isa = PBXResourcesBuildPhase;
			buildActionMask = 2147483647;
			files = (
			);
			runOnlyForDeploymentPostprocessing = 0;
		};
/* End PBXResourcesBuildPhase section */

/* Begin PBXSourcesBuildPhase section */
		6F9978D927AB1DE0008D5E00 /* Sources */ = {
			isa = PBXSourcesBuildPhase;
			buildActionMask = 2147483647;
			files = (
				6F9978EA27AB1DE5008D5E00 /* Persistence.swift in Sources */,
				6F99791527AB214A008D5E00 /* HomeViewModel.swift in Sources */,
				6F9978E327AB1DE0008D5E00 /* ContentView.swift in Sources */,
				6F99791327AB20C6008D5E00 /* Home.swift in Sources */,
				6F9978E127AB1DE0008D5E00 /* crudApp.swift in Sources */,
				6F9978ED27AB1DE5008D5E00 /* crud.xcdatamodeld in Sources */,
				6F99791727AB2589008D5E00 /* NewDataView.swift in Sources */,
			);
			runOnlyForDeploymentPostprocessing = 0;
		};
		6F9978EF27AB1DE6008D5E00 /* Sources */ = {
			isa = PBXSourcesBuildPhase;
			buildActionMask = 2147483647;
			files = (
				6F9978F827AB1DE6008D5E00 /* crudTests.swift in Sources */,
			);
			runOnlyForDeploymentPostprocessing = 0;
		};
		6F9978FA27AB1DE6008D5E00 /* Sources */ = {
			isa = PBXSourcesBuildPhase;
			buildActionMask = 2147483647;
			files = (
				6F99790327AB1DE6008D5E00 /* crudUITests.swift in Sources */,
			);
			runOnlyForDeploymentPostprocessing = 0;
		};
/* End PBXSourcesBuildPhase section */

/* Begin PBXTargetDependency section */
		6F9978F527AB1DE6008D5E00 /* PBXTargetDependency */ = {
			isa = PBXTargetDependency;
			target = 6F9978DC27AB1DE0008D5E00 /* crud */;
			targetProxy = 6F9978F427AB1DE6008D5E00 /* PBXContainerItemProxy */;
		};
		6F99790027AB1DE6008D5E00 /* PBXTargetDependency */ = {
			isa = PBXTargetDependency;
			target = 6F9978DC27AB1DE0008D5E00 /* crud */;
			targetProxy = 6F9978FF27AB1DE6008D5E00 /* PBXContainerItemProxy */;
		};
/* End PBXTargetDependency section */

/* Begin XCBuildConfiguration section */
		6F99790527AB1DE6008D5E00 /* Debug */ = {
			isa = XCBuildConfiguration;
			buildSettings = {
				ALWAYS_SEARCH_USER_PATHS = NO;
				CLANG_ANALYZER_NONNULL = YES;
				CLANG_ANALYZER_NUMBER_OBJECT_CONVERSION = YES_AGGRESSIVE;
				CLANG_CXX_LANGUAGE_STANDARD = "gnu++14";
				CLANG_CXX_LIBRARY = "libc++";
				CLANG_ENABLE_MODULES = YES;
				CLANG_ENABLE_OBJC_ARC = YES;
				CLANG_ENABLE_OBJC_WEAK = YES;
				CLANG_WARN_BLOCK_CAPTURE_AUTORELEASING = YES;
				CLANG_WARN_BOOL_CONVERSION = YES;
				CLANG_WARN_COMMA = YES;
				CLANG_WARN_CONSTANT_CONVERSION = YES;
				CLANG_WARN_DEPRECATED_OBJC_IMPLEMENTATIONS = YES;
				CLANG_WARN_DIRECT_OBJC_ISA_USAGE = YES_ERROR;
				CLANG_WARN_DOCUMENTATION_COMMENTS = YES;
				CLANG_WARN_EMPTY_BODY = YES;
				CLANG_WARN_ENUM_CONVERSION = YES;
				CLANG_WARN_INFINITE_RECURSION = YES;
				CLANG_WARN_INT_CONVERSION = YES;
				CLANG_WARN_NON_LITERAL_NULL_CONVERSION = YES;
				CLANG_WARN_OBJC_IMPLICIT_RETAIN_SELF = YES;
				CLANG_WARN_OBJC_LITERAL_CONVERSION = YES;
				CLANG_WARN_OBJC_ROOT_CLASS = YES_ERROR;
				CLANG_WARN_QUOTED_INCLUDE_IN_FRAMEWORK_HEADER = YES;
				CLANG_WARN_RANGE_LOOP_ANALYSIS = YES;
				CLANG_WARN_STRICT_PROTOTYPES = YES;
				CLANG_WARN_SUSPICIOUS_MOVE = YES;
				CLANG_WARN_UNGUARDED_AVAILABILITY = YES_AGGRESSIVE;
				CLANG_WARN_UNREACHABLE_CODE = YES;
				CLANG_WARN__DUPLICATE_METHOD_MATCH = YES;
				COPY_PHASE_STRIP = NO;
				DEBUG_INFORMATION_FORMAT = dwarf;
				ENABLE_STRICT_OBJC_MSGSEND = YES;
				ENABLE_TESTABILITY = YES;
				GCC_C_LANGUAGE_STANDARD = gnu11;
				GCC_DYNAMIC_NO_PIC = NO;
				GCC_NO_COMMON_BLOCKS = YES;
				GCC_OPTIMIZATION_LEVEL = 0;
				GCC_PREPROCESSOR_DEFINITIONS = (
					"DEBUG=1",
					"$(inherited)",
				);
				GCC_WARN_64_TO_32_BIT_CONVERSION = YES;
				GCC_WARN_ABOUT_RETURN_TYPE = YES_ERROR;
				GCC_WARN_UNDECLARED_SELECTOR = YES;
				GCC_WARN_UNINITIALIZED_AUTOS = YES_AGGRESSIVE;
				GCC_WARN_UNUSED_FUNCTION = YES;
				GCC_WARN_UNUSED_VARIABLE = YES;
				IPHONEOS_DEPLOYMENT_TARGET = 14.5;
				MTL_ENABLE_DEBUG_INFO = INCLUDE_SOURCE;
				MTL_FAST_MATH = YES;
				ONLY_ACTIVE_ARCH = YES;
				SDKROOT = iphoneos;
				SWIFT_ACTIVE_COMPILATION_CONDITIONS = DEBUG;
				SWIFT_OPTIMIZATION_LEVEL = "-Onone";
			};
			name = Debug;
		};
		6F99790627AB1DE6008D5E00 /* Release */ = {
			isa = XCBuildConfiguration;
			buildSettings = {
				ALWAYS_SEARCH_USER_PATHS = NO;
				CLANG_ANALYZER_NONNULL = YES;
				CLANG_ANALYZER_NUMBER_OBJECT_CONVERSION = YES_AGGRESSIVE;
				CLANG_CXX_LANGUAGE_STANDARD = "gnu++14";
				CLANG_CXX_LIBRARY = "libc++";
				CLANG_ENABLE_MODULES = YES;
				CLANG_ENABLE_OBJC_ARC = YES;
				CLANG_ENABLE_OBJC_WEAK = YES;
				CLANG_WARN_BLOCK_CAPTURE_AUTORELEASING = YES;
				CLANG_WARN_BOOL_CONVERSION = YES;
				CLANG_WARN_COMMA = YES;
				CLANG_WARN_CONSTANT_CONVERSION = YES;
				CLANG_WARN_DEPRECATED_OBJC_IMPLEMENTATIONS = YES;
				CLANG_WARN_DIRECT_OBJC_ISA_USAGE = YES_ERROR;
				CLANG_WARN_DOCUMENTATION_COMMENTS = YES;
				CLANG_WARN_EMPTY_BODY = YES;
				CLANG_WARN_ENUM_CONVERSION = YES;
				CLANG_WARN_INFINITE_RECURSION = YES;
				CLANG_WARN_INT_CONVERSION = YES;
				CLANG_WARN_NON_LITERAL_NULL_CONVERSION = YES;
				CLANG_WARN_OBJC_IMPLICIT_RETAIN_SELF = YES;
				CLANG_WARN_OBJC_LITERAL_CONVERSION = YES;
				CLANG_WARN_OBJC_ROOT_CLASS = YES_ERROR;
				CLANG_WARN_QUOTED_INCLUDE_IN_FRAMEWORK_HEADER = YES;
				CLANG_WARN_RANGE_LOOP_ANALYSIS = YES;
				CLANG_WARN_STRICT_PROTOTYPES = YES;
				CLANG_WARN_SUSPICIOUS_MOVE = YES;
				CLANG_WARN_UNGUARDED_AVAILABILITY = YES_AGGRESSIVE;
				CLANG_WARN_UNREACHABLE_CODE = YES;
				CLANG_WARN__DUPLICATE_METHOD_MATCH = YES;
				COPY_PHASE_STRIP = NO;
				DEBUG_INFORMATION_FORMAT = "dwarf-with-dsym";
				ENABLE_NS_ASSERTIONS = NO;
				ENABLE_STRICT_OBJC_MSGSEND = YES;
				GCC_C_LANGUAGE_STANDARD = gnu11;
				GCC_NO_COMMON_BLOCKS = YES;
				GCC_WARN_64_TO_32_BIT_CONVERSION = YES;
				GCC_WARN_ABOUT_RETURN_TYPE = YES_ERROR;
				GCC_WARN_UNDECLARED_SELECTOR = YES;
				GCC_WARN_UNINITIALIZED_AUTOS = YES_AGGRESSIVE;
				GCC_WARN_UNUSED_FUNCTION = YES;
				GCC_WARN_UNUSED_VARIABLE = YES;
				IPHONEOS_DEPLOYMENT_TARGET = 14.5;
				MTL_ENABLE_DEBUG_INFO = NO;
				MTL_FAST_MATH = YES;
				SDKROOT = iphoneos;
				SWIFT_COMPILATION_MODE = wholemodule;
				SWIFT_OPTIMIZATION_LEVEL = "-O";
				VALIDATE_PRODUCT = YES;
			};
			name = Release;
		};
		6F99790827AB1DE6008D5E00 /* Debug */ = {
			isa = XCBuildConfiguration;
			buildSettings = {
				ASSETCATALOG_COMPILER_APPICON_NAME = AppIcon;
				ASSETCATALOG_COMPILER_GLOBAL_ACCENT_COLOR_NAME = AccentColor;
				CODE_SIGN_STYLE = Automatic;
				DEVELOPMENT_ASSET_PATHS = "\"crud/Preview Content\"";
				ENABLE_PREVIEWS = YES;
				INFOPLIST_FILE = crud/Info.plist;
				IPHONEOS_DEPLOYMENT_TARGET = 14.0;
				LD_RUNPATH_SEARCH_PATHS = (
					"$(inherited)",
					"@executable_path/Frameworks",
				);
				PRODUCT_BUNDLE_IDENTIFIER = erickmxav.crud;
				PRODUCT_NAME = "$(TARGET_NAME)";
				SWIFT_VERSION = 5.0;
				TARGETED_DEVICE_FAMILY = "1,2";
			};
			name = Debug;
		};
		6F99790927AB1DE6008D5E00 /* Release */ = {
			isa = XCBuildConfiguration;
			buildSettings = {
				ASSETCATALOG_COMPILER_APPICON_NAME = AppIcon;
				ASSETCATALOG_COMPILER_GLOBAL_ACCENT_COLOR_NAME = AccentColor;
				CODE_SIGN_STYLE = Automatic;
				DEVELOPMENT_ASSET_PATHS = "\"crud/Preview Content\"";
				ENABLE_PREVIEWS = YES;
				INFOPLIST_FILE = crud/Info.plist;
				IPHONEOS_DEPLOYMENT_TARGET = 14.0;
				LD_RUNPATH_SEARCH_PATHS = (
					"$(inherited)",
					"@executable_path/Frameworks",
				);
				PRODUCT_BUNDLE_IDENTIFIER = erickmxav.crud;
				PRODUCT_NAME = "$(TARGET_NAME)";
				SWIFT_VERSION = 5.0;
				TARGETED_DEVICE_FAMILY = "1,2";
			};
			name = Release;
		};
		6F99790B27AB1DE6008D5E00 /* Debug */ = {
			isa = XCBuildConfiguration;
			buildSettings = {
				ALWAYS_EMBED_SWIFT_STANDARD_LIBRARIES = YES;
				BUNDLE_LOADER = "$(TEST_HOST)";
				CODE_SIGN_STYLE = Automatic;
				INFOPLIST_FILE = crudTests/Info.plist;
				IPHONEOS_DEPLOYMENT_TARGET = 14.0;
				LD_RUNPATH_SEARCH_PATHS = (
					"$(inherited)",
					"@executable_path/Frameworks",
					"@loader_path/Frameworks",
				);
				PRODUCT_BUNDLE_IDENTIFIER = erickmxav.crudTests;
				PRODUCT_NAME = "$(TARGET_NAME)";
				SWIFT_VERSION = 5.0;
				TARGETED_DEVICE_FAMILY = "1,2";
				TEST_HOST = "$(BUILT_PRODUCTS_DIR)/crud.app/crud";
			};
			name = Debug;
		};
		6F99790C27AB1DE6008D5E00 /* Release */ = {
			isa = XCBuildConfiguration;
			buildSettings = {
				ALWAYS_EMBED_SWIFT_STANDARD_LIBRARIES = YES;
				BUNDLE_LOADER = "$(TEST_HOST)";
				CODE_SIGN_STYLE = Automatic;
				INFOPLIST_FILE = crudTests/Info.plist;
				IPHONEOS_DEPLOYMENT_TARGET = 14.0;
				LD_RUNPATH_SEARCH_PATHS = (
					"$(inherited)",
					"@executable_path/Frameworks",
					"@loader_path/Frameworks",
				);
				PRODUCT_BUNDLE_IDENTIFIER = erickmxav.crudTests;
				PRODUCT_NAME = "$(TARGET_NAME)";
				SWIFT_VERSION = 5.0;
				TARGETED_DEVICE_FAMILY = "1,2";
				TEST_HOST = "$(BUILT_PRODUCTS_DIR)/crud.app/crud";
			};
			name = Release;
		};
		6F99790E27AB1DE6008D5E00 /* Debug */ = {
			isa = XCBuildConfiguration;
			buildSettings = {
				ALWAYS_EMBED_SWIFT_STANDARD_LIBRARIES = YES;
				CODE_SIGN_STYLE = Automatic;
				INFOPLIST_FILE = crudUITests/Info.plist;
				LD_RUNPATH_SEARCH_PATHS = (
					"$(inherited)",
					"@executable_path/Frameworks",
					"@loader_path/Frameworks",
				);
				PRODUCT_BUNDLE_IDENTIFIER = erickmxav.crudUITests;
				PRODUCT_NAME = "$(TARGET_NAME)";
				SWIFT_VERSION = 5.0;
				TARGETED_DEVICE_FAMILY = "1,2";
				TEST_TARGET_NAME = crud;
			};
			name = Debug;
		};
		6F99790F27AB1DE6008D5E00 /* Release */ = {
			isa = XCBuildConfiguration;
			buildSettings = {
				ALWAYS_EMBED_SWIFT_STANDARD_LIBRARIES = YES;
				CODE_SIGN_STYLE = Automatic;
				INFOPLIST_FILE = crudUITests/Info.plist;
				LD_RUNPATH_SEARCH_PATHS = (
					"$(inherited)",
					"@executable_path/Frameworks",
					"@loader_path/Frameworks",
				);
				PRODUCT_BUNDLE_IDENTIFIER = erickmxav.crudUITests;
				PRODUCT_NAME = "$(TARGET_NAME)";
				SWIFT_VERSION = 5.0;
				TARGETED_DEVICE_FAMILY = "1,2";
				TEST_TARGET_NAME = crud;
			};
			name = Release;
		};
/* End XCBuildConfiguration section */

/* Begin XCConfigurationList section */
		6F9978D827AB1DE0008D5E00 /* Build configuration list for PBXProject "crud" */ = {
			isa = XCConfigurationList;
			buildConfigurations = (
				6F99790527AB1DE6008D5E00 /* Debug */,
				6F99790627AB1DE6008D5E00 /* Release */,
			);
			defaultConfigurationIsVisible = 0;
			defaultConfigurationName = Release;
		};
		6F99790727AB1DE6008D5E00 /* Build configuration list for PBXNativeTarget "crud" */ = {
			isa = XCConfigurationList;
			buildConfigurations = (
				6F99790827AB1DE6008D5E00 /* Debug */,
				6F99790927AB1DE6008D5E00 /* Release */,
			);
			defaultConfigurationIsVisible = 0;
			defaultConfigurationName = Release;
		};
		6F99790A27AB1DE6008D5E00 /* Build configuration list for PBXNativeTarget "crudTests" */ = {
			isa = XCConfigurationList;
			buildConfigurations = (
				6F99790B27AB1DE6008D5E00 /* Debug */,
				6F99790C27AB1DE6008D5E00 /* Release */,
			);
			defaultConfigurationIsVisible = 0;
			defaultConfigurationName = Release;
		};
		6F99790D27AB1DE6008D5E00 /* Build configuration list for PBXNativeTarget "crudUITests" */ = {
			isa = XCConfigurationList;
			buildConfigurations = (
				6F99790E27AB1DE6008D5E00 /* Debug */,
				6F99790F27AB1DE6008D5E00 /* Release */,
			);
			defaultConfigurationIsVisible = 0;
			defaultConfigurationName = Release;
		};
/* End XCConfigurationList section */

/* Begin XCVersionGroup section */
		6F9978EB27AB1DE5008D5E00 /* crud.xcdatamodeld */ = {
			isa = XCVersionGroup;
			children = (
				6F9978EC27AB1DE5008D5E00 /* crud.xcdatamodel */,
			);
			currentVersion = 6F9978EC27AB1DE5008D5E00 /* crud.xcdatamodel */;
			path = crud.xcdatamodeld;
			sourceTree = "<group>";
			versionGroupType = wrapper.xcdatamodel;
		};
/* End XCVersionGroup section */
	};
	rootObject = 6F9978D527AB1DE0008D5E00 /* Project object */;
}
